
Microsoft Visual Studio Solution File, Format Version 12.00
# Visual Studio Version 17
VisualStudioVersion = 17.9.34728.123
MinimumVisualStudioVersion = 10.0.40219.1
Project("{FAE04EC0-301F-11D3-BF4B-00C04F79EFBC}") = "OrganTransplant", "OrganTransplant\OrganTransplant.csproj", "{6C9B3F2A-0100-401A-B8A2-0824A6B4EAA4}"
EndProject
Global
	GlobalSection(SolutionConfigurationPlatforms) = preSolution
		Debug|Any CPU = Debug|Any CPU
		Release|Any CPU = Release|Any CPU
	EndGlobalSection
	GlobalSection(ProjectConfigurationPlatforms) = postSolution
		{6C9B3F2A-0100-401A-B8A2-0824A6B4EAA4}.Debug|Any CPU.ActiveCfg = Debug|Any CPU
		{6C9B3F2A-0100-401A-B8A2-0824A6B4EAA4}.Debug|Any CPU.Build.0 = Debug|Any CPU
		{6C9B3F2A-0100-401A-B8A2-0824A6B4EAA4}.Release|Any CPU.ActiveCfg = Release|Any CPU
		{6C9B3F2A-0100-401A-B8A2-0824A6B4EAA4}.Release|Any CPU.Build.0 = Release|Any CPU
	EndGlobalSection
	GlobalSection(SolutionProperties) = preSolution
		HideSolutionNode = FALSE
	EndGlobalSection
	GlobalSection(ExtensibilityGlobals) = postSolution
		SolutionGuid = {C71F4217-2333-40A2-928B-FB7E0A54601B}
	EndGlobalSection
EndGlobal
